
Microsoft Visual Studio Solution File, Format Version 12.00
# Visual Studio Version 16
VisualStudioVersion = 16.0.33214.272
MinimumVisualStudioVersion = 10.0.40219.1
Project("{FAE04EC0-301F-11D3-BF4B-00C04F79EFBC}") = "MovieApp", "MovieApp\MovieApp.csproj", "{C3D5D31C-FDEB-4F5D-8D15-95A9A6ACC91A}"
EndProject
Global
	GlobalSection(SolutionConfigurationPlatforms) = preSolution
		Debug|Any CPU = Debug|Any CPU
		Release|Any CPU = Release|Any CPU
	EndGlobalSection
	GlobalSection(ProjectConfigurationPlatforms) = postSolution
		{C3D5D31C-FDEB-4F5D-8D15-95A9A6ACC91A}.Debug|Any CPU.ActiveCfg = Debug|Any CPU
		{C3D5D31C-FDEB-4F5D-8D15-95A9A6ACC91A}.Debug|Any CPU.Build.0 = Debug|Any CPU
		{C3D5D31C-FDEB-4F5D-8D15-95A9A6ACC91A}.Release|Any CPU.ActiveCfg = Release|Any CPU
		{C3D5D31C-FDEB-4F5D-8D15-95A9A6ACC91A}.Release|Any CPU.Build.0 = Release|Any CPU
	EndGlobalSection
	GlobalSection(SolutionProperties) = preSolution
		HideSolutionNode = FALSE
	EndGlobalSection
	GlobalSection(ExtensibilityGlobals) = postSolution
		SolutionGuid = {EEF95A8F-9256-41E9-A3B8-57A0679D7A03}
	EndGlobalSection
EndGlobal
